// !$*UTF8*$!
{
	archiveVersion = 1;
	classes = {
	};
	objectVersion = 46;
	objects = {

/* Begin PBXBuildFile section */
		5C239E601E2C584E00CBFBFD /* main.m in Sources */ = {isa = PBXBuildFile; fileRef = 5C239E5F1E2C584E00CBFBFD /* main.m */; };
		5C239E711E2C586500CBFBFD /* Document.m in Sources */ = {isa = PBXBuildFile; fileRef = 5C239E681E2C586500CBFBFD /* Document.m */; };
		5C239E721E2C586500CBFBFD /* Node.m in Sources */ = {isa = PBXBuildFile; fileRef = 5C239E6A1E2C586500CBFBFD /* Node.m */; };
		5C239E731E2C586500CBFBFD /* XMLDocument.m in Sources */ = {isa = PBXBuildFile; fileRef = 5C239E6C1E2C586500CBFBFD /* XMLDocument.m */; };
		5C239E741E2C586500CBFBFD /* XMLNode.m in Sources */ = {isa = PBXBuildFile; fileRef = 5C239E6E1E2C586500CBFBFD /* XMLNode.m */; };
		5C239E751E2C586500CBFBFD /* XMLPropertyNode.m in Sources */ = {isa = PBXBuildFile; fileRef = 5C239E701E2C586500CBFBFD /* XMLPropertyNode.m */; };
/* End PBXBuildFile section */

/* Begin PBXCopyFilesBuildPhase section */
		5C239E5A1E2C584E00CBFBFD /* CopyFiles */ = {
			isa = PBXCopyFilesBuildPhase;
			buildActionMask = 2147483647;
			dstPath = /usr/share/man/man1/;
			dstSubfolderSpec = 0;
			files = (
			);
			runOnlyForDeploymentPostprocessing = 1;
		};
/* End PBXCopyFilesBuildPhase section */

/* Begin PBXFileReference section */
		5C239E5C1E2C584E00CBFBFD /* Example */ = {isa = PBXFileReference; explicitFileType = "compiled.mach-o.executable"; includeInIndex = 0; path = Example; sourceTree = BUILT_PRODUCTS_DIR; };
		5C239E5F1E2C584E00CBFBFD /* main.m */ = {isa = PBXFileReference; lastKnownFileType = sourcecode.c.objc; path = main.m; sourceTree = "<group>"; };
		5C239E671E2C586500CBFBFD /* Document.h */ = {isa = PBXFileReference; fileEncoding = 4; lastKnownFileType = sourcecode.c.h; path = Document.h; sourceTree = "<group>"; };
		5C239E681E2C586500CBFBFD /* Document.m */ = {isa = PBXFileReference; fileEncoding = 4; lastKnownFileType = sourcecode.c.objc; path = Document.m; sourceTree = "<group>"; };
		5C239E691E2C586500CBFBFD /* Node.h */ = {isa = PBXFileReference; fileEncoding = 4; lastKnownFileType = sourcecode.c.h; path = Node.h; sourceTree = "<group>"; };
		5C239E6A1E2C586500CBFBFD /* Node.m */ = {isa = PBXFileReference; fileEncoding = 4; lastKnownFileType = sourcecode.c.objc; path = Node.m; sourceTree = "<group>"; };
		5C239E6B1E2C586500CBFBFD /* XMLDocument.h */ = {isa = PBXFileReference; fileEncoding = 4; lastKnownFileType = sourcecode.c.h; path = XMLDocument.h; sourceTree = "<group>"; };
		5C239E6C1E2C586500CBFBFD /* XMLDocument.m */ = {isa = PBXFileReference; fileEncoding = 4; lastKnownFileType = sourcecode.c.objc; path = XMLDocument.m; sourceTree = "<group>"; };
		5C239E6D1E2C586500CBFBFD /* XMLNode.h */ = {isa = PBXFileReference; fileEncoding = 4; lastKnownFileType = sourcecode.c.h; path = XMLNode.h; sourceTree = "<group>"; };
		5C239E6E1E2C586500CBFBFD /* XMLNode.m */ = {isa = PBXFileReference; fileEncoding = 4; lastKnownFileType = sourcecode.c.objc; path = XMLNode.m; sourceTree = "<group>"; };
		5C239E6F1E2C586500CBFBFD /* XMLPropertyNode.h */ = {isa = PBXFileReference; fileEncoding = 4; lastKnownFileType = sourcecode.c.h; path = XMLPropertyNode.h; sourceTree = "<group>"; };
		5C239E701E2C586500CBFBFD /* XMLPropertyNode.m */ = {isa = PBXFileReference; fileEncoding = 4; lastKnownFileType = sourcecode.c.objc; path = XMLPropertyNode.m; sourceTree = "<group>"; };
/* End PBXFileReference section */

/* Begin PBXFrameworksBuildPhase section */
		5C239E591E2C584E00CBFBFD /* Frameworks */ = {
			isa = PBXFrameworksBuildPhase;
			buildActionMask = 2147483647;
			files = (
			);
			runOnlyForDeploymentPostprocessing = 0;
		};
/* End PBXFrameworksBuildPhase section */

/* Begin PBXGroup section */
		5C239E531E2C584E00CBFBFD = {
			isa = PBXGroup;
			children = (
				5C239E661E2C586500CBFBFD /* DLXML */,
				5C239E5E1E2C584E00CBFBFD /* Example */,
				5C239E5D1E2C584E00CBFBFD /* Products */,
			);
			sourceTree = "<group>";
		};
		5C239E5D1E2C584E00CBFBFD /* Products */ = {
			isa = PBXGroup;
			children = (
				5C239E5C1E2C584E00CBFBFD /* Example */,
			);
			name = Products;
			sourceTree = "<group>";
		};
		5C239E5E1E2C584E00CBFBFD /* Example */ = {
			isa = PBXGroup;
			children = (
				5C239E5F1E2C584E00CBFBFD /* main.m */,
			);
			path = Example;
			sourceTree = "<group>";
		};
		5C239E661E2C586500CBFBFD /* DLXML */ = {
			isa = PBXGroup;
			children = (
				5C239E671E2C586500CBFBFD /* Document.h */,
				5C239E681E2C586500CBFBFD /* Document.m */,
				5C239E691E2C586500CBFBFD /* Node.h */,
				5C239E6A1E2C586500CBFBFD /* Node.m */,
				5C239E6B1E2C586500CBFBFD /* XMLDocument.h */,
				5C239E6C1E2C586500CBFBFD /* XMLDocument.m */,
				5C239E6D1E2C586500CBFBFD /* XMLNode.h */,
				5C239E6E1E2C586500CBFBFD /* XMLNode.m */,
				5C239E6F1E2C586500CBFBFD /* XMLPropertyNode.h */,
				5C239E701E2C586500CBFBFD /* XMLPropertyNode.m */,
			);
			path = DLXML;
			sourceTree = "<group>";
		};
/* End PBXGroup section */

/* Begin PBXNativeTarget section */
		5C239E5B1E2C584E00CBFBFD /* Example */ = {
			isa = PBXNativeTarget;
			buildConfigurationList = 5C239E631E2C584E00CBFBFD /* Build configuration list for PBXNativeTarget "Example" */;
			buildPhases = (
				5C239E581E2C584E00CBFBFD /* Sources */,
				5C239E591E2C584E00CBFBFD /* Frameworks */,
				5C239E5A1E2C584E00CBFBFD /* CopyFiles */,
			);
			buildRules = (
			);
			dependencies = (
			);
			name = Example;
			productName = Example;
			productReference = 5C239E5C1E2C584E00CBFBFD /* Example */;
			productType = "com.apple.product-type.tool";
		};
/* End PBXNativeTarget section */

/* Begin PBXProject section */
		5C239E541E2C584E00CBFBFD /* Project object */ = {
			isa = PBXProject;
			attributes = {
				LastUpgradeCheck = 0820;
				ORGANIZATIONNAME = lixu;
				TargetAttributes = {
					5C239E5B1E2C584E00CBFBFD = {
						CreatedOnToolsVersion = 8.2.1;
						DevelopmentTeam = YJW6Z2DGX9;
						ProvisioningStyle = Automatic;
					};
				};
			};
			buildConfigurationList = 5C239E571E2C584E00CBFBFD /* Build configuration list for PBXProject "Example" */;
			compatibilityVersion = "Xcode 3.2";
			developmentRegion = English;
			hasScannedForEncodings = 0;
			knownRegions = (
				en,
			);
			mainGroup = 5C239E531E2C584E00CBFBFD;
			productRefGroup = 5C239E5D1E2C584E00CBFBFD /* Products */;
			projectDirPath = "";
			projectRoot = "";
			targets = (
				5C239E5B1E2C584E00CBFBFD /* Example */,
			);
		};
/* End PBXProject section */

/* Begin PBXSourcesBuildPhase section */
		5C239E581E2C584E00CBFBFD /* Sources */ = {
			isa = PBXSourcesBuildPhase;
			buildActionMask = 2147483647;
			files = (
				5C239E751E2C586500CBFBFD /* XMLPropertyNode.m in Sources */,
				5C239E731E2C586500CBFBFD /* XMLDocument.m in Sources */,
				5C239E711E2C586500CBFBFD /* Document.m in Sources */,
				5C239E741E2C586500CBFBFD /* XMLNode.m in Sources */,
				5C239E601E2C584E00CBFBFD /* main.m in Sources */,
				5C239E721E2C586500CBFBFD /* Node.m in Sources */,
			);
			runOnlyForDeploymentPostprocessing = 0;
		};
/* End PBXSourcesBuildPhase section */

/* Begin XCBuildConfiguration section */
		5C239E611E2C584E00CBFBFD /* Debug */ = {
			isa = XCBuildConfiguration;
			buildSettings = {
				ALWAYS_SEARCH_USER_PATHS = NO;
				CLANG_ANALYZER_NONNULL = YES;
				CLANG_CXX_LANGUAGE_STANDARD = "gnu++0x";
				CLANG_CXX_LIBRARY = "libc++";
				CLANG_ENABLE_MODULES = YES;
				CLANG_ENABLE_OBJC_ARC = YES;
				CLANG_WARN_BOOL_CONVERSION = YES;
				CLANG_WARN_CONSTANT_CONVERSION = YES;
				CLANG_WARN_DIRECT_OBJC_ISA_USAGE = YES_ERROR;
				CLANG_WARN_DOCUMENTATION_COMMENTS = YES;
				CLANG_WARN_EMPTY_BODY = YES;
				CLANG_WARN_ENUM_CONVERSION = YES;
				CLANG_WARN_INFINITE_RECURSION = YES;
				CLANG_WARN_INT_CONVERSION = YES;
				CLANG_WARN_OBJC_ROOT_CLASS = YES_ERROR;
				CLANG_WARN_SUSPICIOUS_MOVE = YES;
				CLANG_WARN_UNREACHABLE_CODE = YES;
				CLANG_WARN__DUPLICATE_METHOD_MATCH = YES;
				CODE_SIGN_IDENTITY = "-";
				COPY_PHASE_STRIP = NO;
				DEBUG_INFORMATION_FORMAT = dwarf;
				ENABLE_STRICT_OBJC_MSGSEND = YES;
				ENABLE_TESTABILITY = YES;
				GCC_C_LANGUAGE_STANDARD = gnu99;
				GCC_DYNAMIC_NO_PIC = NO;
				GCC_NO_COMMON_BLOCKS = YES;
				GCC_OPTIMIZATION_LEVEL = 0;
				GCC_PREPROCESSOR_DEFINITIONS = (
					"DEBUG=1",
					"$(inherited)",
				);
				GCC_WARN_64_TO_32_BIT_CONVERSION = YES;
				GCC_WARN_ABOUT_RETURN_TYPE = YES_ERROR;
				GCC_WARN_UNDECLARED_SELECTOR = YES;
				GCC_WARN_UNINITIALIZED_AUTOS = YES_AGGRESSIVE;
				GCC_WARN_UNUSED_FUNCTION = YES;
				GCC_WARN_UNUSED_VARIABLE = YES;
				MACOSX_DEPLOYMENT_TARGET = 10.11;
				MTL_ENABLE_DEBUG_INFO = YES;
				ONLY_ACTIVE_ARCH = YES;
				SDKROOT = macosx;
			};
			name = Debug;
		};
		5C239E621E2C584E00CBFBFD /* Release */ = {
			isa = XCBuildConfiguration;
			buildSettings = {
				ALWAYS_SEARCH_USER_PATHS = NO;
				CLANG_ANALYZER_NONNULL = YES;
				CLANG_CXX_LANGUAGE_STANDARD = "gnu++0x";
				CLANG_CXX_LIBRARY = "libc++";
				CLANG_ENABLE_MODULES = YES;
				CLANG_ENABLE_OBJC_ARC = YES;
				CLANG_WARN_BOOL_CONVERSION = YES;
				CLANG_WARN_CONSTANT_CONVERSION = YES;
				CLANG_WARN_DIRECT_OBJC_ISA_USAGE = YES_ERROR;
				CLANG_WARN_DOCUMENTATION_COMMENTS = YES;
				CLANG_WARN_EMPTY_BODY = YES;
				CLANG_WARN_ENUM_CONVERSION = YES;
				CLANG_WARN_INFINITE_RECURSION = YES;
				CLANG_WARN_INT_CONVERSION = YES;
				CLANG_WARN_OBJC_ROOT_CLASS = YES_ERROR;
				CLANG_WARN_SUSPICIOUS_MOVE = YES;
				CLANG_WARN_UNREACHABLE_CODE = YES;
				CLANG_WARN__DUPLICATE_METHOD_MATCH = YES;
				CODE_SIGN_IDENTITY = "-";
				COPY_PHASE_STRIP = NO;
				DEBUG_INFORMATION_FORMAT = "dwarf-with-dsym";
				ENABLE_NS_ASSERTIONS = NO;
				ENABLE_STRICT_OBJC_MSGSEND = YES;
				GCC_C_LANGUAGE_STANDARD = gnu99;
				GCC_NO_COMMON_BLOCKS = YES;
				GCC_WARN_64_TO_32_BIT_CONVERSION = YES;
				GCC_WARN_ABOUT_RETURN_TYPE = YES_ERROR;
				GCC_WARN_UNDECLARED_SELECTOR = YES;
				GCC_WARN_UNINITIALIZED_AUTOS = YES_AGGRESSIVE;
				GCC_WARN_UNUSED_FUNCTION = YES;
				GCC_WARN_UNUSED_VARIABLE = YES;
				MACOSX_DEPLOYMENT_TARGET = 10.11;
				MTL_ENABLE_DEBUG_INFO = NO;
				SDKROOT = macosx;
			};
			name = Release;
		};
		5C239E641E2C584E00CBFBFD /* Debug */ = {
			isa = XCBuildConfiguration;
			buildSettings = {
				DEVELOPMENT_TEAM = YJW6Z2DGX9;
				PRODUCT_NAME = "$(TARGET_NAME)";
			};
			name = Debug;
		};
		5C239E651E2C584E00CBFBFD /* Release */ = {
			isa = XCBuildConfiguration;
			buildSettings = {
				DEVELOPMENT_TEAM = YJW6Z2DGX9;
				PRODUCT_NAME = "$(TARGET_NAME)";
			};
			name = Release;
		};
/* End XCBuildConfiguration section */

/* Begin XCConfigurationList section */
		5C239E571E2C584E00CBFBFD /* Build configuration list for PBXProject "Example" */ = {
			isa = XCConfigurationList;
			buildConfigurations = (
				5C239E611E2C584E00CBFBFD /* Debug */,
				5C239E621E2C584E00CBFBFD /* Release */,
			);
			defaultConfigurationIsVisible = 0;
			defaultConfigurationName = Release;
		};
		5C239E631E2C584E00CBFBFD /* Build configuration list for PBXNativeTarget "Example" */ = {
			isa = XCConfigurationList;
			buildConfigurations = (
				5C239E641E2C584E00CBFBFD /* Debug */,
				5C239E651E2C584E00CBFBFD /* Release */,
			);
			defaultConfigurationIsVisible = 0;
		};
/* End XCConfigurationList section */
	};
	rootObject = 5C239E541E2C584E00CBFBFD /* Project object */;
}
